// !$*UTF8*$!
{
	archiveVersion = 1;
	classes = {
	};
	objectVersion = 50;
	objects = {

/* Begin PBXBuildFile section */
		78E0226B244EAAC300C61BB9 /* AppDelegate.swift in Sources */ = {isa = PBXBuildFile; fileRef = 78E0226A244EAAC300C61BB9 /* AppDelegate.swift */; };
		78E0226D244EAAC300C61BB9 /* SceneDelegate.swift in Sources */ = {isa = PBXBuildFile; fileRef = 78E0226C244EAAC300C61BB9 /* SceneDelegate.swift */; };
		78E0226F244EAAC300C61BB9 /* ViewController.swift in Sources */ = {isa = PBXBuildFile; fileRef = 78E0226E244EAAC300C61BB9 /* ViewController.swift */; };
		78E02272244EAAC300C61BB9 /* Main.storyboard in Resources */ = {isa = PBXBuildFile; fileRef = 78E02270244EAAC300C61BB9 /* Main.storyboard */; };
		78E02275244EAAC300C61BB9 /* Smart_APP.xcdatamodeld in Sources */ = {isa = PBXBuildFile; fileRef = 78E02273244EAAC300C61BB9 /* Smart_APP.xcdatamodeld */; };
		78E02277244EAAC700C61BB9 /* Assets.xcassets in Resources */ = {isa = PBXBuildFile; fileRef = 78E02276244EAAC700C61BB9 /* Assets.xcassets */; };
		78E0227A244EAAC700C61BB9 /* LaunchScreen.storyboard in Resources */ = {isa = PBXBuildFile; fileRef = 78E02278244EAAC700C61BB9 /* LaunchScreen.storyboard */; };
/* End PBXBuildFile section */

/* Begin PBXFileReference section */
		78E02267244EAAC300C61BB9 /* Smart APP.app */ = {isa = PBXFileReference; explicitFileType = wrapper.application; includeInIndex = 0; path = "Smart APP.app"; sourceTree = BUILT_PRODUCTS_DIR; };
		78E0226A244EAAC300C61BB9 /* AppDelegate.swift */ = {isa = PBXFileReference; lastKnownFileType = sourcecode.swift; path = AppDelegate.swift; sourceTree = "<group>"; };
		78E0226C244EAAC300C61BB9 /* SceneDelegate.swift */ = {isa = PBXFileReference; lastKnownFileType = sourcecode.swift; path = SceneDelegate.swift; sourceTree = "<group>"; };
		78E0226E244EAAC300C61BB9 /* ViewController.swift */ = {isa = PBXFileReference; lastKnownFileType = sourcecode.swift; path = ViewController.swift; sourceTree = "<group>"; };
		78E02271244EAAC300C61BB9 /* Base */ = {isa = PBXFileReference; lastKnownFileType = file.storyboard; name = Base; path = Base.lproj/Main.storyboard; sourceTree = "<group>"; };
		78E02274244EAAC300C61BB9 /* Smart_APP.xcdatamodel */ = {isa = PBXFileReference; lastKnownFileType = wrapper.xcdatamodel; path = Smart_APP.xcdatamodel; sourceTree = "<group>"; };
		78E02276244EAAC700C61BB9 /* Assets.xcassets */ = {isa = PBXFileReference; lastKnownFileType = folder.assetcatalog; path = Assets.xcassets; sourceTree = "<group>"; };
		78E02279244EAAC700C61BB9 /* Base */ = {isa = PBXFileReference; lastKnownFileType = file.storyboard; name = Base; path = Base.lproj/LaunchScreen.storyboard; sourceTree = "<group>"; };
		78E0227B244EAAC700C61BB9 /* Info.plist */ = {isa = PBXFileReference; lastKnownFileType = text.plist.xml; path = Info.plist; sourceTree = "<group>"; };
/* End PBXFileReference section */

/* Begin PBXFrameworksBuildPhase section */
		78E02264244EAAC300C61BB9 /* Frameworks */ = {
			isa = PBXFrameworksBuildPhase;
			buildActionMask = 2147483647;
			files = (
			);
			runOnlyForDeploymentPostprocessing = 0;
		};
/* End PBXFrameworksBuildPhase section */

/* Begin PBXGroup section */
		78E0225E244EAAC300C61BB9 = {
			isa = PBXGroup;
			children = (
				78E02269244EAAC300C61BB9 /* Smart APP */,
				78E02268244EAAC300C61BB9 /* Products */,
			);
			sourceTree = "<group>";
		};
		78E02268244EAAC300C61BB9 /* Products */ = {
			isa = PBXGroup;
			children = (
				78E02267244EAAC300C61BB9 /* Smart APP.app */,
			);
			name = Products;
			sourceTree = "<group>";
		};
		78E02269244EAAC300C61BB9 /* Smart APP */ = {
			isa = PBXGroup;
			children = (
				78E0226A244EAAC300C61BB9 /* AppDelegate.swift */,
				78E0226C244EAAC300C61BB9 /* SceneDelegate.swift */,
				78E0226E244EAAC300C61BB9 /* ViewController.swift */,
				78E02270244EAAC300C61BB9 /* Main.storyboard */,
				78E02276244EAAC700C61BB9 /* Assets.xcassets */,
				78E02278244EAAC700C61BB9 /* LaunchScreen.storyboard */,
				78E0227B244EAAC700C61BB9 /* Info.plist */,
				78E02273244EAAC300C61BB9 /* Smart_APP.xcdatamodeld */,
			);
			path = "Smart APP";
			sourceTree = "<group>";
		};
/* End PBXGroup section */

/* Begin PBXNativeTarget section */
		78E02266244EAAC300C61BB9 /* Smart APP */ = {
			isa = PBXNativeTarget;
			buildConfigurationList = 78E0227E244EAAC700C61BB9 /* Build configuration list for PBXNativeTarget "Smart APP" */;
			buildPhases = (
				78E02263244EAAC300C61BB9 /* Sources */,
				78E02264244EAAC300C61BB9 /* Frameworks */,
				78E02265244EAAC300C61BB9 /* Resources */,
			);
			buildRules = (
			);
			dependencies = (
			);
			name = "Smart APP";
			productName = "Smart APP";
			productReference = 78E02267244EAAC300C61BB9 /* Smart APP.app */;
			productType = "com.apple.product-type.application";
		};
/* End PBXNativeTarget section */

/* Begin PBXProject section */
		78E0225F244EAAC300C61BB9 /* Project object */ = {
			isa = PBXProject;
			attributes = {
				LastSwiftUpdateCheck = 1140;
				LastUpgradeCheck = 1140;
				ORGANIZATIONNAME = Lyrid;
				TargetAttributes = {
					78E02266244EAAC300C61BB9 = {
						CreatedOnToolsVersion = 11.4.1;
					};
				};
			};
			buildConfigurationList = 78E02262244EAAC300C61BB9 /* Build configuration list for PBXProject "Smart APP" */;
			compatibilityVersion = "Xcode 9.3";
			developmentRegion = en;
			hasScannedForEncodings = 0;
			knownRegions = (
				en,
				Base,
			);
			mainGroup = 78E0225E244EAAC300C61BB9;
			productRefGroup = 78E02268244EAAC300C61BB9 /* Products */;
			projectDirPath = "";
			projectRoot = "";
			targets = (
				78E02266244EAAC300C61BB9 /* Smart APP */,
			);
		};
/* End PBXProject section */

/* Begin PBXResourcesBuildPhase section */
		78E02265244EAAC300C61BB9 /* Resources */ = {
			isa = PBXResourcesBuildPhase;
			buildActionMask = 2147483647;
			files = (
				78E0227A244EAAC700C61BB9 /* LaunchScreen.storyboard in Resources */,
				78E02277244EAAC700C61BB9 /* Assets.xcassets in Resources */,
				78E02272244EAAC300C61BB9 /* Main.storyboard in Resources */,
			);
			runOnlyForDeploymentPostprocessing = 0;
		};
/* End PBXResourcesBuildPhase section */

/* Begin PBXSourcesBuildPhase section */
		78E02263244EAAC300C61BB9 /* Sources */ = {
			isa = PBXSourcesBuildPhase;
			buildActionMask = 2147483647;
			files = (
				78E0226F244EAAC300C61BB9 /* ViewController.swift in Sources */,
				78E02275244EAAC300C61BB9 /* Smart_APP.xcdatamodeld in Sources */,
				78E0226B244EAAC300C61BB9 /* AppDelegate.swift in Sources */,
				78E0226D244EAAC300C61BB9 /* SceneDelegate.swift in Sources */,
			);
			runOnlyForDeploymentPostprocessing = 0;
		};
/* End PBXSourcesBuildPhase section */

/* Begin PBXVariantGroup section */
		78E02270244EAAC300C61BB9 /* Main.storyboard */ = {
			isa = PBXVariantGroup;
			children = (
				78E02271244EAAC300C61BB9 /* Base */,
			);
			name = Main.storyboard;
			sourceTree = "<group>";
		};
		78E02278244EAAC700C61BB9 /* LaunchScreen.storyboard */ = {
			isa = PBXVariantGroup;
			children = (
				78E02279244EAAC700C61BB9 /* Base */,
			);
			name = LaunchScreen.storyboard;
			sourceTree = "<group>";
		};
/* End PBXVariantGroup section */

/* Begin XCBuildConfiguration section */
		78E0227C244EAAC700C61BB9 /* Debug */ = {
			isa = XCBuildConfiguration;
			buildSettings = {
				ALWAYS_SEARCH_USER_PATHS = NO;
				CLANG_ANALYZER_NONNULL = YES;
				CLANG_ANALYZER_NUMBER_OBJECT_CONVERSION = YES_AGGRESSIVE;
				CLANG_CXX_LANGUAGE_STANDARD = "gnu++14";
				CLANG_CXX_LIBRARY = "libc++";
				CLANG_ENABLE_MODULES = YES;
				CLANG_ENABLE_OBJC_ARC = YES;
				CLANG_ENABLE_OBJC_WEAK = YES;
				CLANG_WARN_BLOCK_CAPTURE_AUTORELEASING = YES;
				CLANG_WARN_BOOL_CONVERSION = YES;
				CLANG_WARN_COMMA = YES;
				CLANG_WARN_CONSTANT_CONVERSION = YES;
				CLANG_WARN_DEPRECATED_OBJC_IMPLEMENTATIONS = YES;
				CLANG_WARN_DIRECT_OBJC_ISA_USAGE = YES_ERROR;
				CLANG_WARN_DOCUMENTATION_COMMENTS = YES;
				CLANG_WARN_EMPTY_BODY = YES;
				CLANG_WARN_ENUM_CONVERSION = YES;
				CLANG_WARN_INFINITE_RECURSION = YES;
				CLANG_WARN_INT_CONVERSION = YES;
				CLANG_WARN_NON_LITERAL_NULL_CONVERSION = YES;
				CLANG_WARN_OBJC_IMPLICIT_RETAIN_SELF = YES;
				CLANG_WARN_OBJC_LITERAL_CONVERSION = YES;
				CLANG_WARN_OBJC_ROOT_CLASS = YES_ERROR;
				CLANG_WARN_RANGE_LOOP_ANALYSIS = YES;
				CLANG_WARN_STRICT_PROTOTYPES = YES;
				CLANG_WARN_SUSPICIOUS_MOVE = YES;
				CLANG_WARN_UNGUARDED_AVAILABILITY = YES_AGGRESSIVE;
				CLANG_WARN_UNREACHABLE_CODE = YES;
				CLANG_WARN__DUPLICATE_METHOD_MATCH = YES;
				COPY_PHASE_STRIP = NO;
				DEBUG_INFORMATION_FORMAT = dwarf;
				ENABLE_STRICT_OBJC_MSGSEND = YES;
				ENABLE_TESTABILITY = YES;
				GCC_C_LANGUAGE_STANDARD = gnu11;
				GCC_DYNAMIC_NO_PIC = NO;
				GCC_NO_COMMON_BLOCKS = YES;
				GCC_OPTIMIZATION_LEVEL = 0;
				GCC_PREPROCESSOR_DEFINITIONS = (
					"DEBUG=1",
					"$(inherited)",
				);
				GCC_WARN_64_TO_32_BIT_CONVERSION = YES;
				GCC_WARN_ABOUT_RETURN_TYPE = YES_ERROR;
				GCC_WARN_UNDECLARED_SELECTOR = YES;
				GCC_WARN_UNINITIALIZED_AUTOS = YES_AGGRESSIVE;
				GCC_WARN_UNUSED_FUNCTION = YES;
				GCC_WARN_UNUSED_VARIABLE = YES;
				IPHONEOS_DEPLOYMENT_TARGET = 13.4;
				MTL_ENABLE_DEBUG_INFO = INCLUDE_SOURCE;
				MTL_FAST_MATH = YES;
				ONLY_ACTIVE_ARCH = YES;
				SDKROOT = iphoneos;
				SWIFT_ACTIVE_COMPILATION_CONDITIONS = DEBUG;
				SWIFT_OPTIMIZATION_LEVEL = "-Onone";
			};
			name = Debug;
		};
		78E0227D244EAAC700C61BB9 /* Release */ = {
			isa = XCBuildConfiguration;
			buildSettings = {
				ALWAYS_SEARCH_USER_PATHS = NO;
				CLANG_ANALYZER_NONNULL = YES;
				CLANG_ANALYZER_NUMBER_OBJECT_CONVERSION = YES_AGGRESSIVE;
				CLANG_CXX_LANGUAGE_STANDARD = "gnu++14";
				CLANG_CXX_LIBRARY = "libc++";
				CLANG_ENABLE_MODULES = YES;
				CLANG_ENABLE_OBJC_ARC = YES;
				CLANG_ENABLE_OBJC_WEAK = YES;
				CLANG_WARN_BLOCK_CAPTURE_AUTORELEASING = YES;
				CLANG_WARN_BOOL_CONVERSION = YES;
				CLANG_WARN_COMMA = YES;
				CLANG_WARN_CONSTANT_CONVERSION = YES;
				CLANG_WARN_DEPRECATED_OBJC_IMPLEMENTATIONS = YES;
				CLANG_WARN_DIRECT_OBJC_ISA_USAGE = YES_ERROR;
				CLANG_WARN_DOCUMENTATION_COMMENTS = YES;
				CLANG_WARN_EMPTY_BODY = YES;
				CLANG_WARN_ENUM_CONVERSION = YES;
				CLANG_WARN_INFINITE_RECURSION = YES;
				CLANG_WARN_INT_CONVERSION = YES;
				CLANG_WARN_NON_LITERAL_NULL_CONVERSION = YES;
				CLANG_WARN_OBJC_IMPLICIT_RETAIN_SELF = YES;
				CLANG_WARN_OBJC_LITERAL_CONVERSION = YES;
				CLANG_WARN_OBJC_ROOT_CLASS = YES_ERROR;
				CLANG_WARN_RANGE_LOOP_ANALYSIS = YES;
				CLANG_WARN_STRICT_PROTOTYPES = YES;
				CLANG_WARN_SUSPICIOUS_MOVE = YES;
				CLANG_WARN_UNGUARDED_AVAILABILITY = YES_AGGRESSIVE;
				CLANG_WARN_UNREACHABLE_CODE = YES;
				CLANG_WARN__DUPLICATE_METHOD_MATCH = YES;
				COPY_PHASE_STRIP = NO;
				DEBUG_INFORMATION_FORMAT = "dwarf-with-dsym";
				ENABLE_NS_ASSERTIONS = NO;
				ENABLE_STRICT_OBJC_MSGSEND = YES;
				GCC_C_LANGUAGE_STANDARD = gnu11;
				GCC_NO_COMMON_BLOCKS = YES;
				GCC_WARN_64_TO_32_BIT_CONVERSION = YES;
				GCC_WARN_ABOUT_RETURN_TYPE = YES_ERROR;
				GCC_WARN_UNDECLARED_SELECTOR = YES;
				GCC_WARN_UNINITIALIZED_AUTOS = YES_AGGRESSIVE;
				GCC_WARN_UNUSED_FUNCTION = YES;
				GCC_WARN_UNUSED_VARIABLE = YES;
				IPHONEOS_DEPLOYMENT_TARGET = 13.4;
				MTL_ENABLE_DEBUG_INFO = NO;
				MTL_FAST_MATH = YES;
				SDKROOT = iphoneos;
				SWIFT_COMPILATION_MODE = wholemodule;
				SWIFT_OPTIMIZATION_LEVEL = "-O";
				VALIDATE_PRODUCT = YES;
			};
			name = Release;
		};
		78E0227F244EAAC700C61BB9 /* Debug */ = {
			isa = XCBuildConfiguration;
			buildSettings = {
				ASSETCATALOG_COMPILER_APPICON_NAME = AppIcon;
				CODE_SIGN_STYLE = Automatic;
				DEVELOPMENT_TEAM = S6ML52V597;
				INFOPLIST_FILE = "Smart APP/Info.plist";
				LD_RUNPATH_SEARCH_PATHS = (
					"$(inherited)",
					"@executable_path/Frameworks",
				);
				PRODUCT_BUNDLE_IDENTIFIER = "id.co.lyrid.smartapp.Smart-APP";
				PRODUCT_NAME = "$(TARGET_NAME)";
				SWIFT_VERSION = 5.0;
				TARGETED_DEVICE_FAMILY = "1,2";
			};
			name = Debug;
		};
		78E02280244EAAC700C61BB9 /* Release */ = {
			isa = XCBuildConfiguration;
			buildSettings = {
				ASSETCATALOG_COMPILER_APPICON_NAME = AppIcon;
				CODE_SIGN_STYLE = Automatic;
				DEVELOPMENT_TEAM = S6ML52V597;
				INFOPLIST_FILE = "Smart APP/Info.plist";
				LD_RUNPATH_SEARCH_PATHS = (
					"$(inherited)",
					"@executable_path/Frameworks",
				);
				PRODUCT_BUNDLE_IDENTIFIER = "id.co.lyrid.smartapp.Smart-APP";
				PRODUCT_NAME = "$(TARGET_NAME)";
				SWIFT_VERSION = 5.0;
				TARGETED_DEVICE_FAMILY = "1,2";
			};
			name = Release;
		};
/* End XCBuildConfiguration section */

/* Begin XCConfigurationList section */
		78E02262244EAAC300C61BB9 /* Build configuration list for PBXProject "Smart APP" */ = {
			isa = XCConfigurationList;
			buildConfigurations = (
				78E0227C244EAAC700C61BB9 /* Debug */,
				78E0227D244EAAC700C61BB9 /* Release */,
			);
			defaultConfigurationIsVisible = 0;
			defaultConfigurationName = Release;
		};
		78E0227E244EAAC700C61BB9 /* Build configuration list for PBXNativeTarget "Smart APP" */ = {
			isa = XCConfigurationList;
			buildConfigurations = (
				78E0227F244EAAC700C61BB9 /* Debug */,
				78E02280244EAAC700C61BB9 /* Release */,
			);
			defaultConfigurationIsVisible = 0;
			defaultConfigurationName = Release;
		};
/* End XCConfigurationList section */

/* Begin XCVersionGroup section */
		78E02273244EAAC300C61BB9 /* Smart_APP.xcdatamodeld */ = {
			isa = XCVersionGroup;
			children = (
				78E02274244EAAC300C61BB9 /* Smart_APP.xcdatamodel */,
			);
			currentVersion = 78E02274244EAAC300C61BB9 /* Smart_APP.xcdatamodel */;
			path = Smart_APP.xcdatamodeld;
			sourceTree = "<group>";
			versionGroupType = wrapper.xcdatamodel;
		};
/* End XCVersionGroup section */
	};
	rootObject = 78E0225F244EAAC300C61BB9 /* Project object */;
}
